schema: '2.0'
stages:
  stage_01:
    cmd: python stage_01.py
    deps:
    - path: stage_01.py
      hash: md5
      md5: 50171df64636b97998c046456cdb8861
      size: 87
    outs:
    - path: artifact.txt
      hash: md5
      md5: 8d564d4c255bdae774d332751756a98e
      size: 34
  stage_02:
    cmd: python stage_02.py
    deps:
    - path: artifact.txt
      hash: md5
      md5: 8d564d4c255bdae774d332751756a98e
      size: 34
    - path: stage_02.py
      hash: md5
      md5: 106b29c15f7594c5973ccaa8e1f32d5f
      size: 140
  stage_03:
    cmd: python stage_03.py
    deps:
    - path: artifact.txt
      hash: md5
      md5: 08d69d42f597e0cd8b2af65200be5aff
      size: 55
    - path: stage_03.py
      hash: md5
      md5: 8c1fdfefb3ebb7a3a9b8d7c453e98139
      size: 199
